# THIS IS AN AUTOGENERATED FILE. DO NOT EDIT THIS FILE DIRECTLY.
# yarn lockfile v1


"@babel/code-frame@^7.0.0":
  "version" "7.18.6"
  dependencies:
    "@babel/highlight" "^7.18.6"

"@babel/helper-validator-identifier@^7.18.6":
  "version" "7.18.6"

"@babel/highlight@^7.18.6":
  "version" "7.18.6"
  dependencies:
    "@babel/helper-validator-identifier" "^7.18.6"
    "chalk" "^2.0.0"
    "js-tokens" "^4.0.0"

"@commitlint/cli@^17.2.0":
  "version" "17.2.0"
  dependencies:
    "@commitlint/format" "^17.0.0"
    "@commitlint/lint" "^17.2.0"
    "@commitlint/load" "^17.2.0"
    "@commitlint/read" "^17.2.0"
    "@commitlint/types" "^17.0.0"
    "execa" "^5.0.0"
    "lodash" "^4.17.19"
    "resolve-from" "5.0.0"
    "resolve-global" "1.0.0"
    "yargs" "^17.0.0"

"@commitlint/config-conventional@^17.2.0":
  "version" "17.2.0"
  dependencies:
    "conventional-changelog-conventionalcommits" "^5.0.0"

"@commitlint/config-validator@^17.0.3":
  "version" "17.0.3"
  dependencies:
    "@commitlint/types" "^17.0.0"
    "ajv" "^8.11.0"

"@commitlint/config-validator@^17.1.0":
  "version" "17.1.0"
  dependencies:
    "@commitlint/types" "^17.0.0"
    "ajv" "^8.11.0"

"@commitlint/ensure@^17.0.0":
  "version" "17.0.0"
  dependencies:
    "@commitlint/types" "^17.0.0"
    "lodash" "^4.17.19"

"@commitlint/execute-rule@^17.0.0":
  "version" "17.0.0"

"@commitlint/format@^17.0.0":
  "version" "17.0.0"
  dependencies:
    "@commitlint/types" "^17.0.0"
    "chalk" "^4.1.0"

"@commitlint/is-ignored@^17.2.0":
  "version" "17.2.0"
  dependencies:
    "@commitlint/types" "^17.0.0"
    "semver" "7.3.7"

"@commitlint/lint@^17.2.0":
  "version" "17.2.0"
  dependencies:
    "@commitlint/is-ignored" "^17.2.0"
    "@commitlint/parse" "^17.2.0"
    "@commitlint/rules" "^17.2.0"
    "@commitlint/types" "^17.0.0"

"@commitlint/load@^17.2.0":
  "version" "17.2.0"
  dependencies:
    "@commitlint/config-validator" "^17.1.0"
    "@commitlint/execute-rule" "^17.0.0"
    "@commitlint/resolve-extends" "^17.1.0"
    "@commitlint/types" "^17.0.0"
    "@types/node" "^14.0.0"
    "chalk" "^4.1.0"
    "cosmiconfig" "^7.0.0"
    "cosmiconfig-typescript-loader" "^4.0.0"
    "lodash" "^4.17.19"
    "resolve-from" "^5.0.0"
    "ts-node" "^10.8.1"
    "typescript" "^4.6.4"

"@commitlint/load@>6.1.1":
  "version" "17.0.3"
  dependencies:
    "@commitlint/config-validator" "^17.0.3"
    "@commitlint/execute-rule" "^17.0.0"
    "@commitlint/resolve-extends" "^17.0.3"
    "@commitlint/types" "^17.0.0"
    "@types/node" ">=12"
    "chalk" "^4.1.0"
    "cosmiconfig" "^7.0.0"
    "cosmiconfig-typescript-loader" "^2.0.0"
    "lodash" "^4.17.19"
    "resolve-from" "^5.0.0"
    "typescript" "^4.6.4"

"@commitlint/message@^17.2.0":
  "version" "17.2.0"

"@commitlint/parse@^17.2.0":
  "version" "17.2.0"
  dependencies:
    "@commitlint/types" "^17.0.0"
    "conventional-changelog-angular" "^5.0.11"
    "conventional-commits-parser" "^3.2.2"

"@commitlint/read@^17.2.0":
  "version" "17.2.0"
  dependencies:
    "@commitlint/top-level" "^17.0.0"
    "@commitlint/types" "^17.0.0"
    "fs-extra" "^10.0.0"
    "git-raw-commits" "^2.0.0"
    "minimist" "^1.2.6"

"@commitlint/resolve-extends@^17.0.3":
  "version" "17.0.3"
  dependencies:
    "@commitlint/config-validator" "^17.0.3"
    "@commitlint/types" "^17.0.0"
    "import-fresh" "^3.0.0"
    "lodash" "^4.17.19"
    "resolve-from" "^5.0.0"
    "resolve-global" "^1.0.0"

"@commitlint/resolve-extends@^17.1.0":
  "version" "17.1.0"
  dependencies:
    "@commitlint/config-validator" "^17.1.0"
    "@commitlint/types" "^17.0.0"
    "import-fresh" "^3.0.0"
    "lodash" "^4.17.19"
    "resolve-from" "^5.0.0"
    "resolve-global" "^1.0.0"

"@commitlint/rules@^17.2.0":
  "version" "17.2.0"
  dependencies:
    "@commitlint/ensure" "^17.0.0"
    "@commitlint/message" "^17.2.0"
    "@commitlint/to-lines" "^17.0.0"
    "@commitlint/types" "^17.0.0"
    "execa" "^5.0.0"

"@commitlint/to-lines@^17.0.0":
  "version" "17.0.0"

"@commitlint/top-level@^17.0.0":
  "version" "17.0.0"
  dependencies:
    "find-up" "^5.0.0"

"@commitlint/types@^17.0.0":
  "version" "17.0.0"
  dependencies:
    "chalk" "^4.1.0"

"@cspotcode/source-map-support@^0.8.0":
  "version" "0.8.1"
  dependencies:
    "@jridgewell/trace-mapping" "0.3.9"

"@iden3/bigarray@0.0.2":
  "integrity" "sha512-Xzdyxqm1bOFF6pdIsiHLLl3HkSLjbhqJHVyqaTxXt3RqXBEnmsUmEW47H7VOi/ak7TdkRpNkxjyK5Zbkm+y52g=="
  "resolved" "https://registry.npmjs.org/@iden3/bigarray/-/bigarray-0.0.2.tgz"
  "version" "0.0.2"

"@iden3/binfileutils@0.0.11":
  "integrity" "sha512-LylnJoZ0CTdgErnKY8OxohvW4K+p6UHD3sxt+3P9AmMyBQjYR4IpoqoYZZ+9aMj89cmCQ21UvdhndAx04er3NA=="
  "resolved" "https://registry.npmjs.org/@iden3/binfileutils/-/binfileutils-0.0.11.tgz"
  "version" "0.0.11"
  dependencies:
    "fastfile" "0.0.20"
    "ffjavascript" "^0.2.48"

"@jridgewell/resolve-uri@^3.0.3":
  "version" "3.0.8"

"@jridgewell/sourcemap-codec@^1.4.10":
  "version" "1.4.14"

"@jridgewell/trace-mapping@0.3.9":
  "version" "0.3.9"
  dependencies:
    "@jridgewell/resolve-uri" "^3.0.3"
    "@jridgewell/sourcemap-codec" "^1.4.10"

"@solidity-parser/parser@^0.14.1":
  "version" "0.14.5"
  dependencies:
    "antlr4ts" "^0.5.0-alpha.4"

"@tsconfig/node10@^1.0.7":
  "version" "1.0.9"

"@tsconfig/node12@^1.0.7":
  "version" "1.0.11"

"@tsconfig/node14@^1.0.0":
  "version" "1.0.3"

"@tsconfig/node16@^1.0.2":
  "version" "1.0.3"

"@types/minimist@^1.2.0":
  "version" "1.2.2"

"@types/node@*", "@types/node@^14.0.0":
  "version" "14.18.33"

"@types/node@>=12":
  "version" "18.0.0"

"@types/normalize-package-data@^2.4.0":
  "version" "2.4.1"

"@types/parse-json@^4.0.0":
  "version" "4.0.0"

"acorn-jsx@^5.0.0":
  "version" "5.3.2"

"acorn-walk@^8.1.1":
  "version" "8.2.0"

"acorn@^6.0.0 || ^7.0.0 || ^8.0.0", "acorn@^6.0.7":
  "version" "6.4.2"

"acorn@^8.4.1":
  "version" "8.7.1"

"aggregate-error@^3.0.0":
  "version" "3.1.0"
  dependencies:
    "clean-stack" "^2.0.0"
    "indent-string" "^4.0.0"

"ajv@^6.10.2", "ajv@^6.6.1", "ajv@^6.9.1":
  "version" "6.12.6"
  dependencies:
    "fast-deep-equal" "^3.1.1"
    "fast-json-stable-stringify" "^2.0.0"
    "json-schema-traverse" "^0.4.1"
    "uri-js" "^4.2.2"

"ajv@^8.11.0":
  "version" "8.11.0"
  dependencies:
    "fast-deep-equal" "^3.1.1"
    "json-schema-traverse" "^1.0.0"
    "require-from-string" "^2.0.2"
    "uri-js" "^4.2.2"

"ansi-escapes@^3.2.0":
  "version" "3.2.0"

"ansi-escapes@^4.2.1", "ansi-escapes@^4.3.0":
  "version" "4.3.2"
  dependencies:
    "type-fest" "^0.21.3"

"ansi-regex@^3.0.0":
  "version" "3.0.1"

"ansi-regex@^4.1.0":
  "version" "4.1.1"

"ansi-regex@^5.0.1":
  "version" "5.0.1"

"ansi-regex@^6.0.1":
  "version" "6.0.1"

"ansi-styles@^3.2.0":
  "version" "3.2.1"
  dependencies:
    "color-convert" "^1.9.0"

"ansi-styles@^3.2.1":
  "version" "3.2.1"
  dependencies:
    "color-convert" "^1.9.0"

"ansi-styles@^4.0.0", "ansi-styles@^4.1.0":
  "version" "4.3.0"
  dependencies:
    "color-convert" "^2.0.1"

"ansi-styles@^6.0.0":
  "version" "6.1.0"

"antlr4@4.7.1":
  "version" "4.7.1"

"antlr4ts@^0.5.0-alpha.4":
  "version" "0.5.0-dev"
  dependencies:
    "source-map-support" "^0.5.16"

"arg@^4.1.0":
  "version" "4.1.3"

"argparse@^1.0.7":
  "version" "1.0.10"
  dependencies:
    "sprintf-js" "~1.0.2"

"array-ify@^1.0.0":
  "version" "1.0.0"

"arrify@^1.0.1":
  "version" "1.0.1"

"ast-parents@0.0.1":
  "version" "0.0.1"

"astral-regex@^1.0.0":
  "version" "1.0.0"

"astral-regex@^2.0.0":
  "version" "2.0.0"

"async@^3.2.3":
  "integrity" "sha512-iAB+JbDEGXhyIUavoDl9WP/Jj106Kz9DEn1DPgYw5ruDn0e3Wgi3sKFm55sASdGBNOQB8F59d9qQ7deqrHA8wQ=="
  "resolved" "https://registry.npmjs.org/async/-/async-3.2.4.tgz"
  "version" "3.2.4"

"at-least-node@^1.0.0":
  "version" "1.0.0"

"b4a@^1.0.1":
  "integrity" "sha512-AsKjNhz72yxteo/0EtQEiwkMUgk/tGmycXlbG4g3Ard2/ULtNLUykGOkeK0egmN27h0xMAhb76jYccW+XTBExA=="
  "resolved" "https://registry.npmjs.org/b4a/-/b4a-1.6.1.tgz"
  "version" "1.6.1"

"balanced-match@^1.0.0":
  "version" "1.0.2"

"base64-js@^1.3.1":
  "version" "1.5.1"

"bfj@^7.0.2":
  "integrity" "sha512-+e/UqUzwmzJamNF50tBV6tZPTORow7gQ96iFow+8b562OdMpEK0BcJEq2OSPEDmAbSMBQ7PKZ87ubFkgxpYWgw=="
  "resolved" "https://registry.npmjs.org/bfj/-/bfj-7.0.2.tgz"
  "version" "7.0.2"
  dependencies:
    "bluebird" "^3.5.5"
    "check-types" "^11.1.1"
    "hoopy" "^0.1.4"
    "tryer" "^1.0.1"

"bl@^4.1.0":
  "version" "4.1.0"
  dependencies:
    "buffer" "^5.5.0"
    "inherits" "^2.0.4"
    "readable-stream" "^3.4.0"

"blake2b-wasm@^2.4.0":
  "integrity" "sha512-S1kwmW2ZhZFFFOghcx73+ZajEfKBqhP82JMssxtLVMxlaPea1p9uoLiUZ5WYyHn0KddwbLc+0vh4wR0KBNoT5w=="
  "resolved" "https://registry.npmjs.org/blake2b-wasm/-/blake2b-wasm-2.4.0.tgz"
  "version" "2.4.0"
  dependencies:
    "b4a" "^1.0.1"
    "nanoassert" "^2.0.0"

"bluebird@^3.5.5":
  "integrity" "sha512-XpNj6GDQzdfW+r2Wnn7xiSAd7TM3jzkxGXBGTtWKuSXv1xUV+azxAm8jdWZN06QTQk+2N2XB9jRDkvbmQmcRtg=="
  "resolved" "https://registry.npmjs.org/bluebird/-/bluebird-3.7.2.tgz"
  "version" "3.7.2"

"brace-expansion@^1.1.7":
  "version" "1.1.11"
  dependencies:
    "balanced-match" "^1.0.0"
    "concat-map" "0.0.1"

"brace-expansion@^2.0.1":
  "integrity" "sha512-XnAIvQ8eM+kC6aULx6wuQiwVsnzsi9d3WxzV3FpWTGA19F621kwdbsAcFKXgKUHZWsy+mY6iL1sHTxWEFCytDA=="
  "resolved" "https://registry.npmjs.org/brace-expansion/-/brace-expansion-2.0.1.tgz"
  "version" "2.0.1"
  dependencies:
    "balanced-match" "^1.0.0"

"braces@^3.0.2":
  "version" "3.0.2"
  dependencies:
    "fill-range" "^7.0.1"

"buffer-from@^1.0.0":
  "version" "1.1.2"

"buffer@^5.5.0":
  "version" "5.7.1"
  dependencies:
    "base64-js" "^1.3.1"
    "ieee754" "^1.1.13"

"cachedir@2.2.0":
  "version" "2.2.0"

"cachedir@2.3.0":
  "version" "2.3.0"

"caller-callsite@^2.0.0":
  "version" "2.0.0"
  dependencies:
    "callsites" "^2.0.0"

"caller-path@^2.0.0":
  "version" "2.0.0"
  dependencies:
    "caller-callsite" "^2.0.0"

"callsites@^2.0.0":
  "version" "2.0.0"

"callsites@^3.0.0":
  "version" "3.1.0"

"camelcase-keys@^6.2.2":
  "version" "6.2.2"
  dependencies:
    "camelcase" "^5.3.1"
    "map-obj" "^4.0.0"
    "quick-lru" "^4.0.1"

"camelcase@^5.3.1":
  "version" "5.3.1"

"chalk@^2.0.0":
  "version" "2.4.2"
  dependencies:
    "ansi-styles" "^3.2.1"
    "escape-string-regexp" "^1.0.5"
    "supports-color" "^5.3.0"

"chalk@^2.1.0":
  "version" "2.4.2"
  dependencies:
    "ansi-styles" "^3.2.1"
    "escape-string-regexp" "^1.0.5"
    "supports-color" "^5.3.0"

"chalk@^2.4.1":
  "version" "2.4.2"
  dependencies:
    "ansi-styles" "^3.2.1"
    "escape-string-regexp" "^1.0.5"
    "supports-color" "^5.3.0"

"chalk@^2.4.2":
  "version" "2.4.2"
  dependencies:
    "ansi-styles" "^3.2.1"
    "escape-string-regexp" "^1.0.5"
    "supports-color" "^5.3.0"

"chalk@^4.0.2", "chalk@^4.1.0", "chalk@^4.1.1":
  "version" "4.1.2"
  dependencies:
    "ansi-styles" "^4.1.0"
    "supports-color" "^7.1.0"

"chardet@^0.7.0":
  "version" "0.7.0"

"check-types@^11.1.1":
  "integrity" "sha512-HBiYvXvn9Z70Z88XKjz3AEKd4HJhBXsa3j7xFnITAzoS8+q6eIGi8qDB8FKPBAjtuxjI/zFpwuiCb8oDtKOYrA=="
  "resolved" "https://registry.npmjs.org/check-types/-/check-types-11.2.2.tgz"
  "version" "11.2.2"

"circom_runtime@0.1.21":
  "integrity" "sha512-qTkud630B/GK8y76hnOaaS1aNuF6prfV0dTrkeRsiJKnlP1ryQbP2FWLgDOPqn6aKyaPlam+Z+DTbBhkEzh8dA=="
  "resolved" "https://registry.npmjs.org/circom_runtime/-/circom_runtime-0.1.21.tgz"
  "version" "0.1.21"
  dependencies:
    "ffjavascript" "0.2.56"

"clean-stack@^2.0.0":
  "version" "2.2.0"

"cli-cursor@^2.1.0":
  "version" "2.1.0"
  dependencies:
    "restore-cursor" "^2.0.0"

"cli-cursor@^3.1.0":
  "version" "3.1.0"
  dependencies:
    "restore-cursor" "^3.1.0"

"cli-spinners@^2.5.0":
  "version" "2.7.0"

"cli-truncate@^2.1.0":
  "version" "2.1.0"
  dependencies:
    "slice-ansi" "^3.0.0"
    "string-width" "^4.2.0"

"cli-truncate@^3.1.0":
  "version" "3.1.0"
  dependencies:
    "slice-ansi" "^5.0.0"
    "string-width" "^5.0.0"

"cli-width@^2.0.0":
  "version" "2.2.1"

"cli-width@^3.0.0":
  "version" "3.0.0"

"cliui@^7.0.2":
  "version" "7.0.4"
  dependencies:
    "string-width" "^4.2.0"
    "strip-ansi" "^6.0.0"
    "wrap-ansi" "^7.0.0"

"clone@^1.0.2":
  "version" "1.0.4"

"color-convert@^1.9.0":
  "version" "1.9.3"
  dependencies:
    "color-name" "1.1.3"

"color-convert@^2.0.1":
  "version" "2.0.1"
  dependencies:
    "color-name" "~1.1.4"

"color-name@~1.1.4":
  "version" "1.1.4"

"color-name@1.1.3":
  "version" "1.1.3"

"colorette@^2.0.16", "colorette@^2.0.17":
  "version" "2.0.19"

"commander@^9.3.0":
  "version" "9.3.0"

"commander@2.18.0":
  "version" "2.18.0"

"commitizen@^4.0.3":
  "version" "4.2.4"
  dependencies:
    "cachedir" "2.2.0"
    "cz-conventional-changelog" "3.2.0"
    "dedent" "0.7.0"
    "detect-indent" "6.0.0"
    "find-node-modules" "^2.1.2"
    "find-root" "1.1.0"
    "fs-extra" "8.1.0"
    "glob" "7.1.4"
    "inquirer" "6.5.2"
    "is-utf8" "^0.2.1"
    "lodash" "^4.17.20"
    "minimist" "1.2.5"
    "strip-bom" "4.0.0"
    "strip-json-comments" "3.0.1"

"commitizen@^4.2.5":
  "version" "4.2.5"
  dependencies:
    "cachedir" "2.3.0"
    "cz-conventional-changelog" "3.3.0"
    "dedent" "0.7.0"
    "detect-indent" "6.1.0"
    "find-node-modules" "^2.1.2"
    "find-root" "1.1.0"
    "fs-extra" "9.1.0"
    "glob" "7.2.3"
    "inquirer" "8.2.4"
    "is-utf8" "^0.2.1"
    "lodash" "4.17.21"
    "minimist" "1.2.6"
    "strip-bom" "4.0.0"
    "strip-json-comments" "3.1.1"

"compare-func@^2.0.0":
  "version" "2.0.0"
  dependencies:
    "array-ify" "^1.0.0"
    "dot-prop" "^5.1.0"

"concat-map@0.0.1":
  "version" "0.0.1"

"conventional-changelog-angular@^5.0.11":
  "version" "5.0.13"
  dependencies:
    "compare-func" "^2.0.0"
    "q" "^1.5.1"

"conventional-changelog-conventionalcommits@^5.0.0":
  "version" "5.0.0"
  dependencies:
    "compare-func" "^2.0.0"
    "lodash" "^4.17.15"
    "q" "^1.5.1"

"conventional-commit-types@^3.0.0":
  "version" "3.0.0"

"conventional-commits-parser@^3.2.2":
  "version" "3.2.4"
  dependencies:
    "is-text-path" "^1.0.1"
    "JSONStream" "^1.0.4"
    "lodash" "^4.17.15"
    "meow" "^8.0.0"
    "split2" "^3.0.0"
    "through2" "^4.0.0"

"cosmiconfig-typescript-loader@^2.0.0":
  "version" "2.0.2"
  dependencies:
    "cosmiconfig" "^7"
    "ts-node" "^10.8.1"

"cosmiconfig-typescript-loader@^4.0.0":
  "version" "4.1.1"

"cosmiconfig@^5.0.7":
  "version" "5.2.1"
  dependencies:
    "import-fresh" "^2.0.0"
    "is-directory" "^0.3.1"
    "js-yaml" "^3.13.1"
    "parse-json" "^4.0.0"

"cosmiconfig@^7", "cosmiconfig@^7.0.0", "cosmiconfig@>=7":
  "version" "7.0.1"
  dependencies:
    "@types/parse-json" "^4.0.0"
    "import-fresh" "^3.2.1"
    "parse-json" "^5.0.0"
    "path-type" "^4.0.0"
    "yaml" "^1.10.0"

"create-require@^1.1.0":
  "version" "1.1.1"

"cross-spawn@^6.0.5":
  "version" "6.0.5"
  dependencies:
    "nice-try" "^1.0.4"
    "path-key" "^2.0.1"
    "semver" "^5.5.0"
    "shebang-command" "^1.2.0"
    "which" "^1.2.9"

"cross-spawn@^7.0.3":
  "version" "7.0.3"
  dependencies:
    "path-key" "^3.1.0"
    "shebang-command" "^2.0.0"
    "which" "^2.0.1"

"cz-conventional-changelog@^3.3.0", "cz-conventional-changelog@3.3.0":
  "version" "3.3.0"
  dependencies:
    "chalk" "^2.4.1"
    "commitizen" "^4.0.3"
    "conventional-commit-types" "^3.0.0"
    "lodash.map" "^4.5.1"
    "longest" "^2.0.1"
    "word-wrap" "^1.0.3"
  optionalDependencies:
    "@commitlint/load" ">6.1.1"

"cz-conventional-changelog@3.2.0":
  "version" "3.2.0"
  dependencies:
    "chalk" "^2.4.1"
    "commitizen" "^4.0.3"
    "conventional-commit-types" "^3.0.0"
    "lodash.map" "^4.5.1"
    "longest" "^2.0.1"
    "word-wrap" "^1.0.3"
  optionalDependencies:
    "@commitlint/load" ">6.1.1"

"dargs@^7.0.0":
  "version" "7.0.0"

"debug@^4.0.1", "debug@^4.3.4":
  "version" "4.3.4"
  dependencies:
    "ms" "2.1.2"

"decamelize-keys@^1.1.0":
  "version" "1.1.0"
  dependencies:
    "decamelize" "^1.1.0"
    "map-obj" "^1.0.0"

"decamelize@^1.1.0":
  "version" "1.2.0"

"dedent@0.7.0":
  "version" "0.7.0"

"deep-is@~0.1.3":
  "version" "0.1.4"

"defaults@^1.0.3":
  "version" "1.0.4"
  dependencies:
    "clone" "^1.0.2"

"detect-file@^1.0.0":
  "version" "1.0.0"

"detect-indent@6.0.0":
  "version" "6.0.0"

"detect-indent@6.1.0":
  "version" "6.1.0"

"diff@^4.0.1":
  "version" "4.0.2"

"doctrine@^3.0.0":
  "version" "3.0.0"
  dependencies:
    "esutils" "^2.0.2"

"dot-prop@^5.1.0":
  "version" "5.3.0"
  dependencies:
    "is-obj" "^2.0.0"

"eastasianwidth@^0.2.0":
  "version" "0.2.0"

"ejs@^3.1.6":
  "integrity" "sha512-/sXZeMlhS0ArkfX2Aw780gJzXSMPnKjtspYZv+f3NiKLlubezAHDU5+9xz6gd3/NhG3txQCo6xlglmTS+oTGEQ=="
  "resolved" "https://registry.npmjs.org/ejs/-/ejs-3.1.8.tgz"
  "version" "3.1.8"
  dependencies:
    "jake" "^10.8.5"

"emoji-regex@^7.0.1":
  "version" "7.0.3"

"emoji-regex@^8.0.0":
  "version" "8.0.0"

"emoji-regex@^9.2.2":
  "version" "9.2.2"

"error-ex@^1.3.1":
  "version" "1.3.2"
  dependencies:
    "is-arrayish" "^0.2.1"

"escalade@^3.1.1":
  "version" "3.1.1"

"escape-string-regexp@^1.0.5":
  "version" "1.0.5"

"eslint-scope@^4.0.3":
  "version" "4.0.3"
  dependencies:
    "esrecurse" "^4.1.0"
    "estraverse" "^4.1.1"

"eslint-utils@^1.3.1":
  "version" "1.4.3"
  dependencies:
    "eslint-visitor-keys" "^1.1.0"

"eslint-visitor-keys@^1.0.0", "eslint-visitor-keys@^1.1.0":
  "version" "1.3.0"

"eslint@^5.6.0":
  "version" "5.16.0"
  dependencies:
    "@babel/code-frame" "^7.0.0"
    "ajv" "^6.9.1"
    "chalk" "^2.1.0"
    "cross-spawn" "^6.0.5"
    "debug" "^4.0.1"
    "doctrine" "^3.0.0"
    "eslint-scope" "^4.0.3"
    "eslint-utils" "^1.3.1"
    "eslint-visitor-keys" "^1.0.0"
    "espree" "^5.0.1"
    "esquery" "^1.0.1"
    "esutils" "^2.0.2"
    "file-entry-cache" "^5.0.1"
    "functional-red-black-tree" "^1.0.1"
    "glob" "^7.1.2"
    "globals" "^11.7.0"
    "ignore" "^4.0.6"
    "import-fresh" "^3.0.0"
    "imurmurhash" "^0.1.4"
    "inquirer" "^6.2.2"
    "js-yaml" "^3.13.0"
    "json-stable-stringify-without-jsonify" "^1.0.1"
    "levn" "^0.3.0"
    "lodash" "^4.17.11"
    "minimatch" "^3.0.4"
    "mkdirp" "^0.5.1"
    "natural-compare" "^1.4.0"
    "optionator" "^0.8.2"
    "path-is-inside" "^1.0.2"
    "progress" "^2.0.0"
    "regexpp" "^2.0.1"
    "semver" "^5.5.1"
    "strip-ansi" "^4.0.0"
    "strip-json-comments" "^2.0.1"
    "table" "^5.2.3"
    "text-table" "^0.2.0"

"espree@^5.0.1":
  "version" "5.0.1"
  dependencies:
    "acorn" "^6.0.7"
    "acorn-jsx" "^5.0.0"
    "eslint-visitor-keys" "^1.0.0"

"esprima@^4.0.0":
  "version" "4.0.1"

"esquery@^1.0.1":
  "version" "1.4.0"
  dependencies:
    "estraverse" "^5.1.0"

"esrecurse@^4.1.0":
  "version" "4.3.0"
  dependencies:
    "estraverse" "^5.2.0"

"estraverse@^4.1.1":
  "version" "4.3.0"

"estraverse@^5.1.0", "estraverse@^5.2.0":
  "version" "5.3.0"

"esutils@^2.0.2":
  "version" "2.0.3"

"execa@^5.0.0":
  "version" "5.1.1"
  dependencies:
    "cross-spawn" "^7.0.3"
    "get-stream" "^6.0.0"
    "human-signals" "^2.1.0"
    "is-stream" "^2.0.0"
    "merge-stream" "^2.0.0"
    "npm-run-path" "^4.0.1"
    "onetime" "^5.1.2"
    "signal-exit" "^3.0.3"
    "strip-final-newline" "^2.0.0"

"execa@^6.1.0":
  "version" "6.1.0"
  dependencies:
    "cross-spawn" "^7.0.3"
    "get-stream" "^6.0.1"
    "human-signals" "^3.0.1"
    "is-stream" "^3.0.0"
    "merge-stream" "^2.0.0"
    "npm-run-path" "^5.1.0"
    "onetime" "^6.0.0"
    "signal-exit" "^3.0.7"
    "strip-final-newline" "^3.0.0"

"expand-tilde@^2.0.0", "expand-tilde@^2.0.2":
  "version" "2.0.2"
  dependencies:
    "homedir-polyfill" "^1.0.1"

"external-editor@^3.0.3":
  "version" "3.1.0"
  dependencies:
    "chardet" "^0.7.0"
    "iconv-lite" "^0.4.24"
    "tmp" "^0.0.33"

"fast-deep-equal@^3.1.1":
  "version" "3.1.3"

"fast-diff@^1.1.2":
  "version" "1.2.0"

"fast-json-stable-stringify@^2.0.0":
  "version" "2.1.0"

"fast-levenshtein@~2.0.6":
  "version" "2.0.6"

"fastfile@0.0.20":
  "integrity" "sha512-r5ZDbgImvVWCP0lA/cGNgQcZqR+aYdFx3u+CtJqUE510pBUVGMn4ulL/iRTI4tACTYsNJ736uzFxEBXesPAktA=="
  "resolved" "https://registry.npmjs.org/fastfile/-/fastfile-0.0.20.tgz"
  "version" "0.0.20"

"ffjavascript@^0.2.48", "ffjavascript@0.2.56":
  "integrity" "sha512-em6G5Lrj7ucIqj4TYEgyoHs/j99Urwwqa4+YxEVY2hggnpRimVj+noX5pZQTxI1pvtiekZI4rG65JBf0xraXrg=="
  "resolved" "https://registry.npmjs.org/ffjavascript/-/ffjavascript-0.2.56.tgz"
  "version" "0.2.56"
  dependencies:
    "wasmbuilder" "0.0.16"
    "wasmcurves" "0.2.0"
    "web-worker" "^1.2.0"

"figures@^2.0.0":
  "version" "2.0.0"
  dependencies:
    "escape-string-regexp" "^1.0.5"

"figures@^3.0.0":
  "version" "3.2.0"
  dependencies:
    "escape-string-regexp" "^1.0.5"

"file-entry-cache@^5.0.1":
  "version" "5.0.1"
  dependencies:
    "flat-cache" "^2.0.1"

"filelist@^1.0.1":
  "integrity" "sha512-w1cEuf3S+DrLCQL7ET6kz+gmlJdbq9J7yXCSjK/OZCPA+qEN1WyF4ZAf0YYJa4/shHJra2t/d/r8SV4Ji+x+8Q=="
  "resolved" "https://registry.npmjs.org/filelist/-/filelist-1.0.4.tgz"
  "version" "1.0.4"
  dependencies:
    "minimatch" "^5.0.1"

"fill-range@^7.0.1":
  "version" "7.0.1"
  dependencies:
    "to-regex-range" "^5.0.1"

"find-node-modules@^2.1.2":
  "version" "2.1.3"
  dependencies:
    "findup-sync" "^4.0.0"
    "merge" "^2.1.1"

"find-root@1.1.0":
  "version" "1.1.0"

"find-up@^4.1.0":
  "version" "4.1.0"
  dependencies:
    "locate-path" "^5.0.0"
    "path-exists" "^4.0.0"

"find-up@^5.0.0":
  "version" "5.0.0"
  dependencies:
    "locate-path" "^6.0.0"
    "path-exists" "^4.0.0"

"findup-sync@^4.0.0":
  "version" "4.0.0"
  dependencies:
    "detect-file" "^1.0.0"
    "is-glob" "^4.0.0"
    "micromatch" "^4.0.2"
    "resolve-dir" "^1.0.1"

"flat-cache@^2.0.1":
  "version" "2.0.1"
  dependencies:
    "flatted" "^2.0.0"
    "rimraf" "2.6.3"
    "write" "1.0.3"

"flatted@^2.0.0":
  "version" "2.0.2"

"fs-extra@^10.0.0":
  "version" "10.1.0"
  dependencies:
    "graceful-fs" "^4.2.0"
    "jsonfile" "^6.0.1"
    "universalify" "^2.0.0"

"fs-extra@8.1.0":
  "version" "8.1.0"
  dependencies:
    "graceful-fs" "^4.2.0"
    "jsonfile" "^4.0.0"
    "universalify" "^0.1.0"

"fs-extra@9.1.0":
  "version" "9.1.0"
  dependencies:
    "at-least-node" "^1.0.0"
    "graceful-fs" "^4.2.0"
    "jsonfile" "^6.0.1"
    "universalify" "^2.0.0"

"fs.realpath@^1.0.0":
  "version" "1.0.0"

"function-bind@^1.1.1":
  "version" "1.1.1"

"functional-red-black-tree@^1.0.1":
  "version" "1.0.1"

"get-caller-file@^2.0.5":
  "version" "2.0.5"

"get-stream@^6.0.0", "get-stream@^6.0.1":
  "version" "6.0.1"

"git-raw-commits@^2.0.0":
  "version" "2.0.11"
  dependencies:
    "dargs" "^7.0.0"
    "lodash" "^4.17.15"
    "meow" "^8.0.0"
    "split2" "^3.0.0"
    "through2" "^4.0.0"

"glob@^7.1.2", "glob@^7.1.3", "glob@7.2.3":
  "version" "7.2.3"
  dependencies:
    "fs.realpath" "^1.0.0"
    "inflight" "^1.0.4"
    "inherits" "2"
    "minimatch" "^3.1.1"
    "once" "^1.3.0"
    "path-is-absolute" "^1.0.0"

"glob@7.1.4":
  "version" "7.1.4"
  dependencies:
    "fs.realpath" "^1.0.0"
    "inflight" "^1.0.4"
    "inherits" "2"
    "minimatch" "^3.0.4"
    "once" "^1.3.0"
    "path-is-absolute" "^1.0.0"

"global-dirs@^0.1.1":
  "version" "0.1.1"
  dependencies:
    "ini" "^1.3.4"

"global-modules@^1.0.0":
  "version" "1.0.0"
  dependencies:
    "global-prefix" "^1.0.1"
    "is-windows" "^1.0.1"
    "resolve-dir" "^1.0.0"

"global-prefix@^1.0.1":
  "version" "1.0.2"
  dependencies:
    "expand-tilde" "^2.0.2"
    "homedir-polyfill" "^1.0.1"
    "ini" "^1.3.4"
    "is-windows" "^1.0.1"
    "which" "^1.2.14"

"globals@^11.7.0":
  "version" "11.12.0"

"graceful-fs@^4.1.6", "graceful-fs@^4.2.0":
  "version" "4.2.10"

"hard-rejection@^2.1.0":
  "version" "2.1.0"

"has-flag@^3.0.0":
  "version" "3.0.0"

"has-flag@^4.0.0":
  "version" "4.0.0"

"has@^1.0.3":
  "version" "1.0.3"
  dependencies:
    "function-bind" "^1.1.1"

"homedir-polyfill@^1.0.1":
  "version" "1.0.3"
  dependencies:
    "parse-passwd" "^1.0.0"

"hoopy@^0.1.4":
  "integrity" "sha512-HRcs+2mr52W0K+x8RzcLzuPPmVIKMSv97RGHy0Ea9y/mpcaK+xTrjICA04KAHi4GRzxliNqNJEFYWHghy3rSfQ=="
  "resolved" "https://registry.npmjs.org/hoopy/-/hoopy-0.1.4.tgz"
  "version" "0.1.4"

"hosted-git-info@^2.1.4":
  "version" "2.8.9"

"hosted-git-info@^4.0.1":
  "version" "4.1.0"
  dependencies:
    "lru-cache" "^6.0.0"

"human-signals@^2.1.0":
  "version" "2.1.0"

"human-signals@^3.0.1":
  "version" "3.0.1"

"husky@^8.0.2":
  "version" "8.0.2"

"iconv-lite@^0.4.24":
  "version" "0.4.24"
  dependencies:
    "safer-buffer" ">= 2.1.2 < 3"

"ieee754@^1.1.13":
  "version" "1.2.1"

"ignore@^4.0.6":
  "version" "4.0.6"

"import-fresh@^2.0.0":
  "version" "2.0.0"
  dependencies:
    "caller-path" "^2.0.0"
    "resolve-from" "^3.0.0"

"import-fresh@^3.0.0", "import-fresh@^3.2.1":
  "version" "3.3.0"
  dependencies:
    "parent-module" "^1.0.0"
    "resolve-from" "^4.0.0"

"imurmurhash@^0.1.4":
  "version" "0.1.4"

"indent-string@^4.0.0":
  "version" "4.0.0"

"inflight@^1.0.4":
  "version" "1.0.6"
  dependencies:
    "once" "^1.3.0"
    "wrappy" "1"

"inherits@^2.0.3", "inherits@^2.0.4", "inherits@2":
  "version" "2.0.4"

"ini@^1.3.4":
  "version" "1.3.8"

"inquirer@^6.2.2", "inquirer@6.5.2":
  "version" "6.5.2"
  dependencies:
    "ansi-escapes" "^3.2.0"
    "chalk" "^2.4.2"
    "cli-cursor" "^2.1.0"
    "cli-width" "^2.0.0"
    "external-editor" "^3.0.3"
    "figures" "^2.0.0"
    "lodash" "^4.17.12"
    "mute-stream" "0.0.7"
    "run-async" "^2.2.0"
    "rxjs" "^6.4.0"
    "string-width" "^2.1.0"
    "strip-ansi" "^5.1.0"
    "through" "^2.3.6"

"inquirer@8.2.4":
  "version" "8.2.4"
  dependencies:
    "ansi-escapes" "^4.2.1"
    "chalk" "^4.1.1"
    "cli-cursor" "^3.1.0"
    "cli-width" "^3.0.0"
    "external-editor" "^3.0.3"
    "figures" "^3.0.0"
    "lodash" "^4.17.21"
    "mute-stream" "0.0.8"
    "ora" "^5.4.1"
    "run-async" "^2.4.0"
    "rxjs" "^7.5.5"
    "string-width" "^4.1.0"
    "strip-ansi" "^6.0.0"
    "through" "^2.3.6"
    "wrap-ansi" "^7.0.0"

"is-arrayish@^0.2.1":
  "version" "0.2.1"

"is-core-module@^2.5.0", "is-core-module@^2.9.0":
  "version" "2.9.0"
  dependencies:
    "has" "^1.0.3"

"is-directory@^0.3.1":
  "version" "0.3.1"

"is-extglob@^2.1.1":
  "version" "2.1.1"

"is-fullwidth-code-point@^2.0.0":
  "version" "2.0.0"

"is-fullwidth-code-point@^3.0.0":
  "version" "3.0.0"

"is-fullwidth-code-point@^4.0.0":
  "version" "4.0.0"

"is-glob@^4.0.0":
  "version" "4.0.3"
  dependencies:
    "is-extglob" "^2.1.1"

"is-interactive@^1.0.0":
  "version" "1.0.0"

"is-number@^7.0.0":
  "version" "7.0.0"

"is-obj@^2.0.0":
  "version" "2.0.0"

"is-plain-obj@^1.1.0":
  "version" "1.1.0"

"is-stream@^2.0.0":
  "version" "2.0.1"

"is-stream@^3.0.0":
  "version" "3.0.0"

"is-text-path@^1.0.1":
  "version" "1.0.1"
  dependencies:
    "text-extensions" "^1.0.0"

"is-unicode-supported@^0.1.0":
  "version" "0.1.0"

"is-utf8@^0.2.1":
  "version" "0.2.1"

"is-windows@^1.0.1":
  "version" "1.0.2"

"isexe@^2.0.0":
  "version" "2.0.0"

"jake@^10.8.5":
  "integrity" "sha512-sVpxYeuAhWt0OTWITwT98oyV0GsXyMlXCF+3L1SuafBVUIr/uILGRB+NqwkzhgXKvoJpDIpQvqkUALgdmQsQxw=="
  "resolved" "https://registry.npmjs.org/jake/-/jake-10.8.5.tgz"
  "version" "10.8.5"
  dependencies:
    "async" "^3.2.3"
    "chalk" "^4.0.2"
    "filelist" "^1.0.1"
    "minimatch" "^3.0.4"

"js-sha3@^0.8.0":
  "integrity" "sha512-gF1cRrHhIzNfToc802P800N8PpXS+evLLXfsVpowqmAFR9uwbi89WvXg2QspOmXL8QL86J4T1EpFu+yUkwJY3Q=="
  "resolved" "https://registry.npmjs.org/js-sha3/-/js-sha3-0.8.0.tgz"
  "version" "0.8.0"

"js-tokens@^4.0.0":
  "version" "4.0.0"

"js-yaml@^3.12.0", "js-yaml@^3.13.0", "js-yaml@^3.13.1":
  "version" "3.14.1"
  dependencies:
    "argparse" "^1.0.7"
    "esprima" "^4.0.0"

"json-parse-better-errors@^1.0.1":
  "version" "1.0.2"

"json-parse-even-better-errors@^2.3.0":
  "version" "2.3.1"

"json-schema-traverse@^0.4.1":
  "version" "0.4.1"

"json-schema-traverse@^1.0.0":
  "version" "1.0.0"

"json-stable-stringify-without-jsonify@^1.0.1":
  "version" "1.0.1"

"jsonfile@^4.0.0":
  "version" "4.0.0"
  optionalDependencies:
    "graceful-fs" "^4.1.6"

"jsonfile@^6.0.1":
  "version" "6.1.0"
  dependencies:
    "universalify" "^2.0.0"
  optionalDependencies:
    "graceful-fs" "^4.1.6"

"jsonparse@^1.2.0":
  "version" "1.3.1"

"JSONStream@^1.0.4":
  "version" "1.3.5"
  dependencies:
    "jsonparse" "^1.2.0"
    "through" ">=2.2.7 <3"

"kind-of@^6.0.3":
  "version" "6.0.3"

"levn@^0.3.0", "levn@~0.3.0":
  "version" "0.3.0"
  dependencies:
    "prelude-ls" "~1.1.2"
    "type-check" "~0.3.2"

"lilconfig@2.0.5":
  "version" "2.0.5"

"lines-and-columns@^1.1.6":
  "version" "1.2.4"

"lint-staged@^13.0.3":
  "version" "13.0.3"
  dependencies:
    "cli-truncate" "^3.1.0"
    "colorette" "^2.0.17"
    "commander" "^9.3.0"
    "debug" "^4.3.4"
    "execa" "^6.1.0"
    "lilconfig" "2.0.5"
    "listr2" "^4.0.5"
    "micromatch" "^4.0.5"
    "normalize-path" "^3.0.0"
    "object-inspect" "^1.12.2"
    "pidtree" "^0.6.0"
    "string-argv" "^0.3.1"
    "yaml" "^2.1.1"

"listr2@^4.0.5":
  "version" "4.0.5"
  dependencies:
    "cli-truncate" "^2.1.0"
    "colorette" "^2.0.16"
    "log-update" "^4.0.0"
    "p-map" "^4.0.0"
    "rfdc" "^1.3.0"
    "rxjs" "^7.5.5"
    "through" "^2.3.8"
    "wrap-ansi" "^7.0.0"

"locate-path@^5.0.0":
  "version" "5.0.0"
  dependencies:
    "p-locate" "^4.1.0"

"locate-path@^6.0.0":
  "version" "6.0.0"
  dependencies:
    "p-locate" "^5.0.0"

"lodash.map@^4.5.1":
  "version" "4.6.0"

"lodash@^4.17.11", "lodash@^4.17.12", "lodash@^4.17.14", "lodash@^4.17.15", "lodash@^4.17.19", "lodash@^4.17.20", "lodash@^4.17.21", "lodash@4.17.21":
  "version" "4.17.21"

"log-symbols@^4.1.0":
  "version" "4.1.0"
  dependencies:
    "chalk" "^4.1.0"
    "is-unicode-supported" "^0.1.0"

"log-update@^4.0.0":
  "version" "4.0.0"
  dependencies:
    "ansi-escapes" "^4.3.0"
    "cli-cursor" "^3.1.0"
    "slice-ansi" "^4.0.0"
    "wrap-ansi" "^6.2.0"

"logplease@^1.2.15":
  "integrity" "sha512-jLlHnlsPSJjpwUfcNyUxXCl33AYg2cHhIf9QhGL2T4iPT0XPB+xP1LRKFPgIg1M/sg9kAJvy94w9CzBNrfnstA=="
  "resolved" "https://registry.npmjs.org/logplease/-/logplease-1.2.15.tgz"
  "version" "1.2.15"

"longest@^2.0.1":
  "version" "2.0.1"

"lru-cache@^6.0.0":
  "version" "6.0.0"
  dependencies:
    "yallist" "^4.0.0"

"make-error@^1.1.1":
  "version" "1.3.6"

"map-obj@^1.0.0":
  "version" "1.0.1"

"map-obj@^4.0.0":
  "version" "4.3.0"

"meow@^8.0.0":
  "version" "8.1.2"
  dependencies:
    "@types/minimist" "^1.2.0"
    "camelcase-keys" "^6.2.2"
    "decamelize-keys" "^1.1.0"
    "hard-rejection" "^2.1.0"
    "minimist-options" "4.1.0"
    "normalize-package-data" "^3.0.0"
    "read-pkg-up" "^7.0.1"
    "redent" "^3.0.0"
    "trim-newlines" "^3.0.0"
    "type-fest" "^0.18.0"
    "yargs-parser" "^20.2.3"

"merge-stream@^2.0.0":
  "version" "2.0.0"

"merge@^2.1.1":
  "version" "2.1.1"

"micromatch@^4.0.2", "micromatch@^4.0.5":
  "version" "4.0.5"
  dependencies:
    "braces" "^3.0.2"
    "picomatch" "^2.3.1"

"mimic-fn@^1.0.0":
  "version" "1.2.0"

"mimic-fn@^2.1.0":
  "version" "2.1.0"

"mimic-fn@^4.0.0":
  "version" "4.0.0"

"min-indent@^1.0.0":
  "version" "1.0.1"

"minimatch@^3.0.4", "minimatch@^3.1.1":
  "version" "3.1.2"
  dependencies:
    "brace-expansion" "^1.1.7"

"minimatch@^5.0.1":
  "integrity" "sha512-lKwV/1brpG6mBUFHtb7NUmtABCb2WZZmm2wNiOA5hAb8VdCS4B3dtMWyvcoViccwAW/COERjXLt0zP1zXUN26g=="
  "resolved" "https://registry.npmjs.org/minimatch/-/minimatch-5.1.6.tgz"
  "version" "5.1.6"
  dependencies:
    "brace-expansion" "^2.0.1"

"minimist-options@4.1.0":
  "version" "4.1.0"
  dependencies:
    "arrify" "^1.0.1"
    "is-plain-obj" "^1.1.0"
    "kind-of" "^6.0.3"

"minimist@^1.2.6", "minimist@1.2.6":
  "version" "1.2.6"

"minimist@1.2.5":
  "version" "1.2.5"

"mkdirp@^0.5.1":
  "version" "0.5.6"
  dependencies:
    "minimist" "^1.2.6"

"ms@2.1.2":
  "version" "2.1.2"

"mute-stream@0.0.7":
  "version" "0.0.7"

"mute-stream@0.0.8":
  "version" "0.0.8"

"nanoassert@^2.0.0":
  "integrity" "sha512-7vO7n28+aYO4J+8w96AzhmU8G+Y/xpPDJz/se19ICsqj/momRbb9mh9ZUtkoJ5X3nTnPdhEJyc0qnM6yAsHBaA=="
  "resolved" "https://registry.npmjs.org/nanoassert/-/nanoassert-2.0.0.tgz"
  "version" "2.0.0"

"natural-compare@^1.4.0":
  "version" "1.4.0"

"nice-try@^1.0.4":
  "version" "1.0.5"

"normalize-package-data@^2.5.0":
  "version" "2.5.0"
  dependencies:
    "hosted-git-info" "^2.1.4"
    "resolve" "^1.10.0"
    "semver" "2 || 3 || 4 || 5"
    "validate-npm-package-license" "^3.0.1"

"normalize-package-data@^3.0.0":
  "version" "3.0.3"
  dependencies:
    "hosted-git-info" "^4.0.1"
    "is-core-module" "^2.5.0"
    "semver" "^7.3.4"
    "validate-npm-package-license" "^3.0.1"

"normalize-path@^3.0.0":
  "version" "3.0.0"

"npm-run-path@^4.0.1":
  "version" "4.0.1"
  dependencies:
    "path-key" "^3.0.0"

"npm-run-path@^5.1.0":
  "version" "5.1.0"
  dependencies:
    "path-key" "^4.0.0"

"object-inspect@^1.12.2":
  "version" "1.12.2"

"once@^1.3.0":
  "version" "1.4.0"
  dependencies:
    "wrappy" "1"

"onetime@^2.0.0":
  "version" "2.0.1"
  dependencies:
    "mimic-fn" "^1.0.0"

"onetime@^5.1.0", "onetime@^5.1.2":
  "version" "5.1.2"
  dependencies:
    "mimic-fn" "^2.1.0"

"onetime@^6.0.0":
  "version" "6.0.0"
  dependencies:
    "mimic-fn" "^4.0.0"

"optionator@^0.8.2":
  "version" "0.8.3"
  dependencies:
    "deep-is" "~0.1.3"
    "fast-levenshtein" "~2.0.6"
    "levn" "~0.3.0"
    "prelude-ls" "~1.1.2"
    "type-check" "~0.3.2"
    "word-wrap" "~1.2.3"

"ora@^5.4.1":
  "version" "5.4.1"
  dependencies:
    "bl" "^4.1.0"
    "chalk" "^4.1.0"
    "cli-cursor" "^3.1.0"
    "cli-spinners" "^2.5.0"
    "is-interactive" "^1.0.0"
    "is-unicode-supported" "^0.1.0"
    "log-symbols" "^4.1.0"
    "strip-ansi" "^6.0.0"
    "wcwidth" "^1.0.1"

"os-tmpdir@~1.0.2":
  "version" "1.0.2"

"p-limit@^2.2.0":
  "version" "2.3.0"
  dependencies:
    "p-try" "^2.0.0"

"p-limit@^3.0.2":
  "version" "3.1.0"
  dependencies:
    "yocto-queue" "^0.1.0"

"p-locate@^4.1.0":
  "version" "4.1.0"
  dependencies:
    "p-limit" "^2.2.0"

"p-locate@^5.0.0":
  "version" "5.0.0"
  dependencies:
    "p-limit" "^3.0.2"

"p-map@^4.0.0":
  "version" "4.0.0"
  dependencies:
    "aggregate-error" "^3.0.0"

"p-try@^2.0.0":
  "version" "2.2.0"

"parent-module@^1.0.0":
  "version" "1.0.1"
  dependencies:
    "callsites" "^3.0.0"

"parse-json@^4.0.0":
  "version" "4.0.0"
  dependencies:
    "error-ex" "^1.3.1"
    "json-parse-better-errors" "^1.0.1"

"parse-json@^5.0.0":
  "version" "5.2.0"
  dependencies:
    "@babel/code-frame" "^7.0.0"
    "error-ex" "^1.3.1"
    "json-parse-even-better-errors" "^2.3.0"
    "lines-and-columns" "^1.1.6"

"parse-passwd@^1.0.0":
  "version" "1.0.0"

"path-exists@^4.0.0":
  "version" "4.0.0"

"path-is-absolute@^1.0.0":
  "version" "1.0.1"

"path-is-inside@^1.0.2":
  "version" "1.0.2"

"path-key@^2.0.1":
  "version" "2.0.1"

"path-key@^3.0.0", "path-key@^3.1.0":
  "version" "3.1.1"

"path-key@^4.0.0":
  "version" "4.0.0"

"path-parse@^1.0.7":
  "version" "1.0.7"

"path-type@^4.0.0":
  "version" "4.0.0"

"picomatch@^2.3.1":
  "version" "2.3.1"

"pidtree@^0.6.0":
  "version" "0.6.0"

"prelude-ls@~1.1.2":
  "version" "1.1.2"

"prettier@^1.14.3":
  "version" "1.19.1"

"prettier@^2.7.1":
  "version" "2.7.1"

"progress@^2.0.0":
  "version" "2.0.3"

"punycode@^2.1.0":
  "version" "2.1.1"

"q@^1.5.1":
  "version" "1.5.1"

"quick-lru@^4.0.1":
  "version" "4.0.1"

"r1csfile@0.0.41":
  "integrity" "sha512-Q1WDF3u1vYeAwjHo4YuddkA8Aq0TulbKjmGm99+Atn13Lf5fTsMZBnBV9T741w8iSyPFG6Uh6sapQby77sREqA=="
  "resolved" "https://registry.npmjs.org/r1csfile/-/r1csfile-0.0.41.tgz"
  "version" "0.0.41"
  dependencies:
    "@iden3/bigarray" "0.0.2"
    "@iden3/binfileutils" "0.0.11"
    "fastfile" "0.0.20"
    "ffjavascript" "0.2.56"

"read-pkg-up@^7.0.1":
  "version" "7.0.1"
  dependencies:
    "find-up" "^4.1.0"
    "read-pkg" "^5.2.0"
    "type-fest" "^0.8.1"

"read-pkg@^5.2.0":
  "version" "5.2.0"
  dependencies:
    "@types/normalize-package-data" "^2.4.0"
    "normalize-package-data" "^2.5.0"
    "parse-json" "^5.0.0"
    "type-fest" "^0.6.0"

"readable-stream@^3.0.0", "readable-stream@^3.4.0", "readable-stream@3":
  "version" "3.6.0"
  dependencies:
    "inherits" "^2.0.3"
    "string_decoder" "^1.1.1"
    "util-deprecate" "^1.0.1"

"redent@^3.0.0":
  "version" "3.0.0"
  dependencies:
    "indent-string" "^4.0.0"
    "strip-indent" "^3.0.0"

"regexpp@^2.0.1":
  "version" "2.0.1"

"require-directory@^2.1.1":
  "version" "2.1.1"

"require-from-string@^2.0.2":
  "version" "2.0.2"

"resolve-dir@^1.0.0", "resolve-dir@^1.0.1":
  "version" "1.0.1"
  dependencies:
    "expand-tilde" "^2.0.0"
    "global-modules" "^1.0.0"

"resolve-from@^3.0.0":
  "version" "3.0.0"

"resolve-from@^4.0.0":
  "version" "4.0.0"

"resolve-from@^5.0.0", "resolve-from@5.0.0":
  "version" "5.0.0"

"resolve-global@^1.0.0", "resolve-global@1.0.0":
  "version" "1.0.0"
  dependencies:
    "global-dirs" "^0.1.1"

"resolve@^1.10.0":
  "version" "1.22.1"
  dependencies:
    "is-core-module" "^2.9.0"
    "path-parse" "^1.0.7"
    "supports-preserve-symlinks-flag" "^1.0.0"

"restore-cursor@^2.0.0":
  "version" "2.0.0"
  dependencies:
    "onetime" "^2.0.0"
    "signal-exit" "^3.0.2"

"restore-cursor@^3.1.0":
  "version" "3.1.0"
  dependencies:
    "onetime" "^5.1.0"
    "signal-exit" "^3.0.2"

"rfdc@^1.3.0":
  "version" "1.3.0"

"rimraf@^3.0.2":
  "version" "3.0.2"
  dependencies:
    "glob" "^7.1.3"

"rimraf@2.6.3":
  "version" "2.6.3"
  dependencies:
    "glob" "^7.1.3"

"run-async@^2.2.0", "run-async@^2.4.0":
  "version" "2.4.1"

"rxjs@^6.4.0":
  "version" "6.6.7"
  dependencies:
    "tslib" "^1.9.0"

"rxjs@^7.5.5":
  "version" "7.5.5"
  dependencies:
    "tslib" "^2.1.0"

"safe-buffer@~5.2.0":
  "version" "5.2.1"

"safer-buffer@>= 2.1.2 < 3":
  "version" "2.1.2"

"semver@^5.5.0", "semver@^5.5.1", "semver@2 || 3 || 4 || 5":
  "version" "5.7.1"

"semver@^6.3.0":
  "version" "6.3.0"

"semver@^7.3.4":
  "version" "7.3.7"
  dependencies:
    "lru-cache" "^6.0.0"

"semver@7.3.7":
  "version" "7.3.7"
  dependencies:
    "lru-cache" "^6.0.0"

"shebang-command@^1.2.0":
  "version" "1.2.0"
  dependencies:
    "shebang-regex" "^1.0.0"

"shebang-command@^2.0.0":
  "version" "2.0.0"
  dependencies:
    "shebang-regex" "^3.0.0"

"shebang-regex@^1.0.0":
  "version" "1.0.0"

"shebang-regex@^3.0.0":
  "version" "3.0.0"

"signal-exit@^3.0.2", "signal-exit@^3.0.3", "signal-exit@^3.0.7":
  "version" "3.0.7"

"slice-ansi@^2.1.0":
  "version" "2.1.0"
  dependencies:
    "ansi-styles" "^3.2.0"
    "astral-regex" "^1.0.0"
    "is-fullwidth-code-point" "^2.0.0"

"slice-ansi@^3.0.0":
  "version" "3.0.0"
  dependencies:
    "ansi-styles" "^4.0.0"
    "astral-regex" "^2.0.0"
    "is-fullwidth-code-point" "^3.0.0"

"slice-ansi@^4.0.0":
  "version" "4.0.0"
  dependencies:
    "ansi-styles" "^4.0.0"
    "astral-regex" "^2.0.0"
    "is-fullwidth-code-point" "^3.0.0"

"slice-ansi@^5.0.0":
  "version" "5.0.0"
  dependencies:
    "ansi-styles" "^6.0.0"
    "is-fullwidth-code-point" "^4.0.0"

"snarkjs@^0.5.0":
  "integrity" "sha512-KWz8mZ2Y+6wvn6GGkQo6/ZlKwETdAGohd40Lzpwp5TUZCn6N6O4Az1SuX1rw/qREGL6Im+ycb19suCFE8/xaKA=="
  "resolved" "https://registry.npmjs.org/snarkjs/-/snarkjs-0.5.0.tgz"
  "version" "0.5.0"
  dependencies:
    "@iden3/binfileutils" "0.0.11"
    "bfj" "^7.0.2"
    "blake2b-wasm" "^2.4.0"
    "circom_runtime" "0.1.21"
    "ejs" "^3.1.6"
    "fastfile" "0.0.20"
    "ffjavascript" "0.2.56"
    "js-sha3" "^0.8.0"
    "logplease" "^1.2.15"
    "r1csfile" "0.0.41"

"solhint@^3.3.7":
  "version" "3.3.7"
  dependencies:
    "@solidity-parser/parser" "^0.14.1"
    "ajv" "^6.6.1"
    "antlr4" "4.7.1"
    "ast-parents" "0.0.1"
    "chalk" "^2.4.2"
    "commander" "2.18.0"
    "cosmiconfig" "^5.0.7"
    "eslint" "^5.6.0"
    "fast-diff" "^1.1.2"
    "glob" "^7.1.3"
    "ignore" "^4.0.6"
    "js-yaml" "^3.12.0"
    "lodash" "^4.17.11"
    "semver" "^6.3.0"
  optionalDependencies:
    "prettier" "^1.14.3"

"source-map-support@^0.5.16":
  "version" "0.5.21"
  dependencies:
    "buffer-from" "^1.0.0"
    "source-map" "^0.6.0"

"source-map@^0.6.0":
  "version" "0.6.1"

"spdx-correct@^3.0.0":
  "version" "3.1.1"
  dependencies:
    "spdx-expression-parse" "^3.0.0"
    "spdx-license-ids" "^3.0.0"

"spdx-exceptions@^2.1.0":
  "version" "2.3.0"

"spdx-expression-parse@^3.0.0":
  "version" "3.0.1"
  dependencies:
    "spdx-exceptions" "^2.1.0"
    "spdx-license-ids" "^3.0.0"

"spdx-license-ids@^3.0.0":
  "version" "3.0.11"

"split2@^3.0.0":
  "version" "3.2.2"
  dependencies:
    "readable-stream" "^3.0.0"

"sprintf-js@~1.0.2":
  "version" "1.0.3"

"string_decoder@^1.1.1":
  "version" "1.3.0"
  dependencies:
    "safe-buffer" "~5.2.0"

"string-argv@^0.3.1":
  "version" "0.3.1"

"string-width@^2.1.0":
  "version" "2.1.1"
  dependencies:
    "is-fullwidth-code-point" "^2.0.0"
    "strip-ansi" "^4.0.0"

"string-width@^3.0.0":
  "version" "3.1.0"
  dependencies:
    "emoji-regex" "^7.0.1"
    "is-fullwidth-code-point" "^2.0.0"
    "strip-ansi" "^5.1.0"

"string-width@^4.1.0", "string-width@^4.2.0", "string-width@^4.2.3":
  "version" "4.2.3"
  dependencies:
    "emoji-regex" "^8.0.0"
    "is-fullwidth-code-point" "^3.0.0"
    "strip-ansi" "^6.0.1"

"string-width@^5.0.0":
  "version" "5.1.2"
  dependencies:
    "eastasianwidth" "^0.2.0"
    "emoji-regex" "^9.2.2"
    "strip-ansi" "^7.0.1"

"strip-ansi@^4.0.0":
  "version" "4.0.0"
  dependencies:
    "ansi-regex" "^3.0.0"

"strip-ansi@^5.1.0":
  "version" "5.2.0"
  dependencies:
    "ansi-regex" "^4.1.0"

"strip-ansi@^6.0.0", "strip-ansi@^6.0.1":
  "version" "6.0.1"
  dependencies:
    "ansi-regex" "^5.0.1"

"strip-ansi@^7.0.1":
  "version" "7.0.1"
  dependencies:
    "ansi-regex" "^6.0.1"

"strip-bom@4.0.0":
  "version" "4.0.0"

"strip-final-newline@^2.0.0":
  "version" "2.0.0"

"strip-final-newline@^3.0.0":
  "version" "3.0.0"

"strip-indent@^3.0.0":
  "version" "3.0.0"
  dependencies:
    "min-indent" "^1.0.0"

"strip-json-comments@^2.0.1":
  "version" "2.0.1"

"strip-json-comments@3.0.1":
  "version" "3.0.1"

"strip-json-comments@3.1.1":
  "version" "3.1.1"

"supports-color@^5.3.0":
  "version" "5.5.0"
  dependencies:
    "has-flag" "^3.0.0"

"supports-color@^7.1.0":
  "version" "7.2.0"
  dependencies:
    "has-flag" "^4.0.0"

"supports-preserve-symlinks-flag@^1.0.0":
  "version" "1.0.0"

"table@^5.2.3":
  "version" "5.4.6"
  dependencies:
    "ajv" "^6.10.2"
    "lodash" "^4.17.14"
    "slice-ansi" "^2.1.0"
    "string-width" "^3.0.0"

"text-extensions@^1.0.0":
  "version" "1.9.0"

"text-table@^0.2.0":
  "version" "0.2.0"

"through@^2.3.6", "through@^2.3.8", "through@>=2.2.7 <3":
  "version" "2.3.8"

"through2@^4.0.0":
  "version" "4.0.2"
  dependencies:
    "readable-stream" "3"

"tmp@^0.0.33":
  "version" "0.0.33"
  dependencies:
    "os-tmpdir" "~1.0.2"

"to-regex-range@^5.0.1":
  "version" "5.0.1"
  dependencies:
    "is-number" "^7.0.0"

"trim-newlines@^3.0.0":
  "version" "3.0.1"

"tryer@^1.0.1":
  "integrity" "sha512-c3zayb8/kWWpycWYg87P71E1S1ZL6b6IJxfb5fvsUgsf0S2MVGaDhDXXjDMpdCpfWXqptc+4mXwmiy1ypXqRAA=="
  "resolved" "https://registry.npmjs.org/tryer/-/tryer-1.0.1.tgz"
  "version" "1.0.1"

"ts-node@^10.8.1", "ts-node@>=10":
  "version" "10.8.1"
  dependencies:
    "@cspotcode/source-map-support" "^0.8.0"
    "@tsconfig/node10" "^1.0.7"
    "@tsconfig/node12" "^1.0.7"
    "@tsconfig/node14" "^1.0.0"
    "@tsconfig/node16" "^1.0.2"
    "acorn" "^8.4.1"
    "acorn-walk" "^8.1.1"
    "arg" "^4.1.0"
    "create-require" "^1.1.0"
    "diff" "^4.0.1"
    "make-error" "^1.1.1"
    "v8-compile-cache-lib" "^3.0.1"
    "yn" "3.1.1"

"tslib@^1.9.0":
  "version" "1.14.1"

"tslib@^2.1.0":
  "version" "2.4.0"

"type-check@~0.3.2":
  "version" "0.3.2"
  dependencies:
    "prelude-ls" "~1.1.2"

"type-fest@^0.18.0":
  "version" "0.18.1"

"type-fest@^0.21.3":
  "version" "0.21.3"

"type-fest@^0.6.0":
  "version" "0.6.0"

"type-fest@^0.8.1":
  "version" "0.8.1"

"typescript@^4.6.4", "typescript@>=2.7", "typescript@>=3":
  "version" "4.7.4"

"universalify@^0.1.0":
  "version" "0.1.2"

"universalify@^2.0.0":
  "version" "2.0.0"

"uri-js@^4.2.2":
  "version" "4.4.1"
  dependencies:
    "punycode" "^2.1.0"

"util-deprecate@^1.0.1":
  "version" "1.0.2"

"v8-compile-cache-lib@^3.0.1":
  "version" "3.0.1"

"validate-npm-package-license@^3.0.1":
  "version" "3.0.4"
  dependencies:
    "spdx-correct" "^3.0.0"
    "spdx-expression-parse" "^3.0.0"

"wasmbuilder@0.0.16":
  "integrity" "sha512-Qx3lEFqaVvp1cEYW7Bfi+ebRJrOiwz2Ieu7ZG2l7YyeSJIok/reEQCQCuicj/Y32ITIJuGIM9xZQppGx5LrQdA=="
  "resolved" "https://registry.npmjs.org/wasmbuilder/-/wasmbuilder-0.0.16.tgz"
  "version" "0.0.16"

"wasmcurves@0.2.0":
  "integrity" "sha512-3e2rbxdujOwaod657gxgmdhZNn+i1qKdHO3Y/bK+8E7bV8ttV/fu5FO4/WLBACF375cK0QDLOP+65Na63qYuWA=="
  "resolved" "https://registry.npmjs.org/wasmcurves/-/wasmcurves-0.2.0.tgz"
  "version" "0.2.0"
  dependencies:
    "wasmbuilder" "0.0.16"

"wcwidth@^1.0.1":
  "version" "1.0.1"
  dependencies:
    "defaults" "^1.0.3"

"web-worker@^1.2.0":
  "integrity" "sha512-PgF341avzqyx60neE9DD+XS26MMNMoUQRz9NOZwW32nPQrF6p77f1htcnjBSEV8BGMKZ16choqUG4hyI0Hx7mA=="
  "resolved" "https://registry.npmjs.org/web-worker/-/web-worker-1.2.0.tgz"
  "version" "1.2.0"

"which@^1.2.14", "which@^1.2.9":
  "version" "1.3.1"
  dependencies:
    "isexe" "^2.0.0"

"which@^2.0.1":
  "version" "2.0.2"
  dependencies:
    "isexe" "^2.0.0"

"word-wrap@^1.0.3", "word-wrap@~1.2.3":
  "version" "1.2.3"

"wrap-ansi@^6.2.0":
  "version" "6.2.0"
  dependencies:
    "ansi-styles" "^4.0.0"
    "string-width" "^4.1.0"
    "strip-ansi" "^6.0.0"

"wrap-ansi@^7.0.0":
  "version" "7.0.0"
  dependencies:
    "ansi-styles" "^4.0.0"
    "string-width" "^4.1.0"
    "strip-ansi" "^6.0.0"

"wrappy@1":
  "version" "1.0.2"

"write@1.0.3":
  "version" "1.0.3"
  dependencies:
    "mkdirp" "^0.5.1"

"y18n@^5.0.5":
  "version" "5.0.8"

"yallist@^4.0.0":
  "version" "4.0.0"

"yaml@^1.10.0":
  "version" "1.10.2"

"yaml@^2.1.1":
  "version" "2.1.1"

"yargs-parser@^20.2.3":
  "version" "20.2.9"

"yargs-parser@^21.0.0":
  "version" "21.0.1"

"yargs@^17.0.0":
  "version" "17.5.1"
  dependencies:
    "cliui" "^7.0.2"
    "escalade" "^3.1.1"
    "get-caller-file" "^2.0.5"
    "require-directory" "^2.1.1"
    "string-width" "^4.2.3"
    "y18n" "^5.0.5"
    "yargs-parser" "^21.0.0"

"yn@3.1.1":
  "version" "3.1.1"

"yocto-queue@^0.1.0":
  "version" "0.1.0"
